
Microsoft Visual Studio Solution File, Format Version 12.00
# Visual Studio Version 16
VisualStudioVersion = 16.0.29519.87
MinimumVisualStudioVersion = 10.0.40219.1
Project("{FAE04EC0-301F-11D3-BF4B-00C04F79EFBC}") = "LiveCore.Api", "LiveCore.Api\LiveCore.Api.csproj", "{B2C5ACD4-0184-43F4-ABB9-4525DC99E879}"
EndProject
Project("{FAE04EC0-301F-11D3-BF4B-00C04F79EFBC}") = "LiveCore.Core", "LiveCore.Core\LiveCore.Core.csproj", "{C5857927-8FDF-4008-B028-AFBCF07C3B1F}"
EndProject
Project("{FAE04EC0-301F-11D3-BF4B-00C04F79EFBC}") = "LiveCore.Infrastructure", "LiveCore.Infrastructure\LiveCore.Infrastructure.csproj", "{2815DEF1-4FAF-481A-8AD6-00FBEC6873B3}"
EndProject
Global
	GlobalSection(SolutionConfigurationPlatforms) = preSolution
		Debug|Any CPU = Debug|Any CPU
		Release|Any CPU = Release|Any CPU
	EndGlobalSection
	GlobalSection(ProjectConfigurationPlatforms) = postSolution
		{B2C5ACD4-0184-43F4-ABB9-4525DC99E879}.Debug|Any CPU.ActiveCfg = Debug|Any CPU
		{B2C5ACD4-0184-43F4-ABB9-4525DC99E879}.Debug|Any CPU.Build.0 = Debug|Any CPU
		{B2C5ACD4-0184-43F4-ABB9-4525DC99E879}.Release|Any CPU.ActiveCfg = Release|Any CPU
		{B2C5ACD4-0184-43F4-ABB9-4525DC99E879}.Release|Any CPU.Build.0 = Release|Any CPU
		{C5857927-8FDF-4008-B028-AFBCF07C3B1F}.Debug|Any CPU.ActiveCfg = Debug|Any CPU
		{C5857927-8FDF-4008-B028-AFBCF07C3B1F}.Debug|Any CPU.Build.0 = Debug|Any CPU
		{C5857927-8FDF-4008-B028-AFBCF07C3B1F}.Release|Any CPU.ActiveCfg = Release|Any CPU
		{C5857927-8FDF-4008-B028-AFBCF07C3B1F}.Release|Any CPU.Build.0 = Release|Any CPU
		{2815DEF1-4FAF-481A-8AD6-00FBEC6873B3}.Debug|Any CPU.ActiveCfg = Debug|Any CPU
		{2815DEF1-4FAF-481A-8AD6-00FBEC6873B3}.Debug|Any CPU.Build.0 = Debug|Any CPU
		{2815DEF1-4FAF-481A-8AD6-00FBEC6873B3}.Release|Any CPU.ActiveCfg = Release|Any CPU
		{2815DEF1-4FAF-481A-8AD6-00FBEC6873B3}.Release|Any CPU.Build.0 = Release|Any CPU
	EndGlobalSection
	GlobalSection(SolutionProperties) = preSolution
		HideSolutionNode = FALSE
	EndGlobalSection
	GlobalSection(ExtensibilityGlobals) = postSolution
		SolutionGuid = {5D56A617-4833-47C2-9D2C-E80BEEE4D410}
	EndGlobalSection
EndGlobal
